github.com/vladislavprovich/protobufContract v0.0.2 h1:O86GFlc2Ihz8iz9Kb3JyoYoyAzXqlMh0SMa6+RJFGDU=
github.com/vladislavprovich/protobufContract v0.0.2/go.mod h1:iSuMjEtWVwK5l/nDdmTFxvqMZXPEbPj/EXs9qZgD1sQ=
github.com/vladislavprovich/protobufContract v0.0.3 h1:7GzIzPNRW5hSNMLaycNBnjKGYKrE1fQmycvPygg6JNw=
github.com/vladislavprovich/protobufContract v0.0.3/go.mod h1:iSuMjEtWVwK5l/nDdmTFxvqMZXPEbPj/EXs9qZgD1sQ=
